
Microsoft Visual Studio Solution File, Format Version 12.00
# Visual Studio Version 17
VisualStudioVersion = 17.3.32811.315
MinimumVisualStudioVersion = 10.0.40219.1
Project("{9A19103F-16F7-4668-BE54-9A1E7A4F7556}") = "Automatech.CrossPlatformApp", "Automatech.CrossPlatformApp\Automatech.CrossPlatformApp.csproj", "{EBFA8512-1EA5-4D8C-B4AC-AB5B48A6D568}"
EndProject
Project("{9A19103F-16F7-4668-BE54-9A1E7A4F7556}") = "Automatech.CrossPlatformApp.Desktop", "Automatech.CrossPlatformApp.Desktop\Automatech.CrossPlatformApp.Desktop.csproj", "{ABC31E74-02FF-46EB-B3B2-4E6AE43B456C}"
EndProject
Project("{9A19103F-16F7-4668-BE54-9A1E7A4F7556}") = "Automatech.CrossPlatformApp.Browser", "Automatech.CrossPlatformApp.Browser\Automatech.CrossPlatformApp.Browser.csproj", "{1C1A049E-235C-4CD0-B6FA-D53AC418F4DA}"
EndProject
Project("{9A19103F-16F7-4668-BE54-9A1E7A4F7556}") = "Automatech.CrossPlatformApp.iOS", "Automatech.CrossPlatformApp.iOS\Automatech.CrossPlatformApp.iOS.csproj", "{EBD9022F-BC83-4846-9A11-6F7F3772DC64}"
EndProject
Project("{9A19103F-16F7-4668-BE54-9A1E7A4F7556}") = "Automatech.CrossPlatformApp.Android", "Automatech.CrossPlatformApp.Android\Automatech.CrossPlatformApp.Android.csproj", "{7AD1DAC8-7FBE-49D5-8614-7321233DB82E}"
EndProject
Project("{2150E333-8FDC-42A3-9474-1A3956D46DE8}") = "Solution Items", "Solution Items", "{3DA99C4E-89E3-4049-9C22-0A7EC60D83D8}"
	ProjectSection(SolutionItems) = preProject
		Directory.Build.props = Directory.Build.props
	EndProjectSection
EndProject
Project("{9A19103F-16F7-4668-BE54-9A1E7A4F7556}") = "Automatech.Avalonia.Behaviors", "..\Automatech.Avalonia.Behaviors\Automatech.Avalonia.Behaviors.csproj", "{2EE01D4F-8EBB-40A3-AF15-25B881EEF294}"
EndProject
Project("{9A19103F-16F7-4668-BE54-9A1E7A4F7556}") = "Automatech.Avalonia.Controls", "..\Automatech.Avalonia.Controls\Automatech.Avalonia.Controls.csproj", "{D45C0E90-1C71-4CE6-BE6F-C75983CFF196}"
EndProject
Project("{9A19103F-16F7-4668-BE54-9A1E7A4F7556}") = "AutoMatech.DataRepository", "..\AutoMatech.DataRepository\AutoMatech.DataRepository.csproj", "{7166599C-E9EE-47C8-960F-AD6F0A7DBDB4}"
EndProject
Project("{2150E333-8FDC-42A3-9474-1A3956D46DE8}") = "AvaloniaUI", "AvaloniaUI", "{7BAEB908-320E-4BC4-A668-269BE00FE358}"
EndProject
Project("{9A19103F-16F7-4668-BE54-9A1E7A4F7556}") = "Automatech.Avalonia.Theme", "..\Automatech.Avalonia.Theme\Automatech.Avalonia.Theme.csproj", "{4513EB55-2B3B-4156-9863-4FE829185A5E}"
EndProject
Project("{2150E333-8FDC-42A3-9474-1A3956D46DE8}") = "DataRepository", "DataRepository", "{45709E3B-4430-46D6-9C2A-54CD06FC8783}"
EndProject
Global
	GlobalSection(SolutionConfigurationPlatforms) = preSolution
		Debug|Any CPU = Debug|Any CPU
		Release|Any CPU = Release|Any CPU
	EndGlobalSection
	GlobalSection(ProjectConfigurationPlatforms) = postSolution
		{EBFA8512-1EA5-4D8C-B4AC-AB5B48A6D568}.Debug|Any CPU.ActiveCfg = Debug|Any CPU
		{EBFA8512-1EA5-4D8C-B4AC-AB5B48A6D568}.Debug|Any CPU.Build.0 = Debug|Any CPU
		{EBFA8512-1EA5-4D8C-B4AC-AB5B48A6D568}.Release|Any CPU.ActiveCfg = Release|Any CPU
		{EBFA8512-1EA5-4D8C-B4AC-AB5B48A6D568}.Release|Any CPU.Build.0 = Release|Any CPU
		{ABC31E74-02FF-46EB-B3B2-4E6AE43B456C}.Debug|Any CPU.ActiveCfg = Debug|Any CPU
		{ABC31E74-02FF-46EB-B3B2-4E6AE43B456C}.Debug|Any CPU.Build.0 = Debug|Any CPU
		{ABC31E74-02FF-46EB-B3B2-4E6AE43B456C}.Release|Any CPU.ActiveCfg = Release|Any CPU
		{ABC31E74-02FF-46EB-B3B2-4E6AE43B456C}.Release|Any CPU.Build.0 = Release|Any CPU
		{1C1A049E-235C-4CD0-B6FA-D53AC418F4DA}.Debug|Any CPU.ActiveCfg = Debug|Any CPU
		{1C1A049E-235C-4CD0-B6FA-D53AC418F4DA}.Debug|Any CPU.Build.0 = Debug|Any CPU
		{1C1A049E-235C-4CD0-B6FA-D53AC418F4DA}.Release|Any CPU.ActiveCfg = Release|Any CPU
		{1C1A049E-235C-4CD0-B6FA-D53AC418F4DA}.Release|Any CPU.Build.0 = Release|Any CPU
		{EBD9022F-BC83-4846-9A11-6F7F3772DC64}.Debug|Any CPU.ActiveCfg = Debug|Any CPU
		{EBD9022F-BC83-4846-9A11-6F7F3772DC64}.Debug|Any CPU.Build.0 = Debug|Any CPU
		{EBD9022F-BC83-4846-9A11-6F7F3772DC64}.Release|Any CPU.ActiveCfg = Release|Any CPU
		{EBD9022F-BC83-4846-9A11-6F7F3772DC64}.Release|Any CPU.Build.0 = Release|Any CPU
		{7AD1DAC8-7FBE-49D5-8614-7321233DB82E}.Debug|Any CPU.ActiveCfg = Debug|Any CPU
		{7AD1DAC8-7FBE-49D5-8614-7321233DB82E}.Debug|Any CPU.Build.0 = Debug|Any CPU
		{7AD1DAC8-7FBE-49D5-8614-7321233DB82E}.Release|Any CPU.ActiveCfg = Release|Any CPU
		{7AD1DAC8-7FBE-49D5-8614-7321233DB82E}.Release|Any CPU.Build.0 = Release|Any CPU
		{2EE01D4F-8EBB-40A3-AF15-25B881EEF294}.Debug|Any CPU.ActiveCfg = Debug|Any CPU
		{2EE01D4F-8EBB-40A3-AF15-25B881EEF294}.Debug|Any CPU.Build.0 = Debug|Any CPU
		{2EE01D4F-8EBB-40A3-AF15-25B881EEF294}.Release|Any CPU.ActiveCfg = Release|Any CPU
		{2EE01D4F-8EBB-40A3-AF15-25B881EEF294}.Release|Any CPU.Build.0 = Release|Any CPU
		{D45C0E90-1C71-4CE6-BE6F-C75983CFF196}.Debug|Any CPU.ActiveCfg = Debug|Any CPU
		{D45C0E90-1C71-4CE6-BE6F-C75983CFF196}.Debug|Any CPU.Build.0 = Debug|Any CPU
		{D45C0E90-1C71-4CE6-BE6F-C75983CFF196}.Release|Any CPU.ActiveCfg = Release|Any CPU
		{D45C0E90-1C71-4CE6-BE6F-C75983CFF196}.Release|Any CPU.Build.0 = Release|Any CPU
		{7166599C-E9EE-47C8-960F-AD6F0A7DBDB4}.Debug|Any CPU.ActiveCfg = Debug|Any CPU
		{7166599C-E9EE-47C8-960F-AD6F0A7DBDB4}.Debug|Any CPU.Build.0 = Debug|Any CPU
		{7166599C-E9EE-47C8-960F-AD6F0A7DBDB4}.Release|Any CPU.ActiveCfg = Release|Any CPU
		{7166599C-E9EE-47C8-960F-AD6F0A7DBDB4}.Release|Any CPU.Build.0 = Release|Any CPU
		{4513EB55-2B3B-4156-9863-4FE829185A5E}.Debug|Any CPU.ActiveCfg = Debug|Any CPU
		{4513EB55-2B3B-4156-9863-4FE829185A5E}.Debug|Any CPU.Build.0 = Debug|Any CPU
		{4513EB55-2B3B-4156-9863-4FE829185A5E}.Release|Any CPU.ActiveCfg = Release|Any CPU
		{4513EB55-2B3B-4156-9863-4FE829185A5E}.Release|Any CPU.Build.0 = Release|Any CPU
	EndGlobalSection
	GlobalSection(SolutionProperties) = preSolution
		HideSolutionNode = FALSE
	EndGlobalSection
	GlobalSection(NestedProjects) = preSolution
		{2EE01D4F-8EBB-40A3-AF15-25B881EEF294} = {7BAEB908-320E-4BC4-A668-269BE00FE358}
		{D45C0E90-1C71-4CE6-BE6F-C75983CFF196} = {7BAEB908-320E-4BC4-A668-269BE00FE358}
		{7166599C-E9EE-47C8-960F-AD6F0A7DBDB4} = {45709E3B-4430-46D6-9C2A-54CD06FC8783}
		{4513EB55-2B3B-4156-9863-4FE829185A5E} = {7BAEB908-320E-4BC4-A668-269BE00FE358}
	EndGlobalSection
	GlobalSection(ExtensibilityGlobals) = postSolution
		SolutionGuid = {83CB65B8-011F-4ED7-BCD3-A6CFA935EF7E}
	EndGlobalSection
EndGlobal
